
Microsoft Visual Studio Solution File, Format Version 12.00
Project("{FAE04EC0-301F-11D3-BF4B-00C04F79EFBC}") = "FunkoCategoriaMongo", "FunkoCategoriaMongo\FunkoCategoriaMongo.csproj", "{90CA9518-74E1-4FFC-B328-5819864F682E}"
EndProject
Global
	GlobalSection(SolutionConfigurationPlatforms) = preSolution
		Debug|Any CPU = Debug|Any CPU
		Release|Any CPU = Release|Any CPU
	EndGlobalSection
	GlobalSection(ProjectConfigurationPlatforms) = postSolution
		{90CA9518-74E1-4FFC-B328-5819864F682E}.Debug|Any CPU.ActiveCfg = Debug|Any CPU
		{90CA9518-74E1-4FFC-B328-5819864F682E}.Debug|Any CPU.Build.0 = Debug|Any CPU
		{90CA9518-74E1-4FFC-B328-5819864F682E}.Release|Any CPU.ActiveCfg = Release|Any CPU
		{90CA9518-74E1-4FFC-B328-5819864F682E}.Release|Any CPU.Build.0 = Release|Any CPU
	EndGlobalSection
EndGlobal
